
Microsoft Visual Studio Solution File, Format Version 12.00
# Visual Studio Version 17
VisualStudioVersion = 17.14.36310.24
MinimumVisualStudioVersion = 10.0.40219.1
Project("{FAE04EC0-301F-11D3-BF4B-00C04F79EFBC}") = "TaskFlow", "TaskFlow\TaskFlow.csproj", "{FD8EB6F9-C44B-4951-B515-A7EFD4E495BC}"
EndProject
Project("{FAE04EC0-301F-11D3-BF4B-00C04F79EFBC}") = "TaskFlow.Test", "TaskFlow.Test\TaskFlow.Test.csproj", "{9A1E052F-1E54-4B18-AF93-E296B9CF9C09}"
EndProject
Global
	GlobalSection(SolutionConfigurationPlatforms) = preSolution
		Debug|Any CPU = Debug|Any CPU
		Debug|x64 = Debug|x64
		Debug|x86 = Debug|x86
		Release|Any CPU = Release|Any CPU
		Release|x64 = Release|x64
		Release|x86 = Release|x86
	EndGlobalSection
	GlobalSection(ProjectConfigurationPlatforms) = postSolution
		{FD8EB6F9-C44B-4951-B515-A7EFD4E495BC}.Debug|Any CPU.ActiveCfg = Debug|Any CPU
		{FD8EB6F9-C44B-4951-B515-A7EFD4E495BC}.Debug|Any CPU.Build.0 = Debug|Any CPU
		{FD8EB6F9-C44B-4951-B515-A7EFD4E495BC}.Debug|x64.ActiveCfg = Debug|Any CPU
		{FD8EB6F9-C44B-4951-B515-A7EFD4E495BC}.Debug|x64.Build.0 = Debug|Any CPU
		{FD8EB6F9-C44B-4951-B515-A7EFD4E495BC}.Debug|x86.ActiveCfg = Debug|Any CPU
		{FD8EB6F9-C44B-4951-B515-A7EFD4E495BC}.Debug|x86.Build.0 = Debug|Any CPU
		{FD8EB6F9-C44B-4951-B515-A7EFD4E495BC}.Release|Any CPU.ActiveCfg = Release|Any CPU
		{FD8EB6F9-C44B-4951-B515-A7EFD4E495BC}.Release|Any CPU.Build.0 = Release|Any CPU
		{FD8EB6F9-C44B-4951-B515-A7EFD4E495BC}.Release|x64.ActiveCfg = Release|Any CPU
		{FD8EB6F9-C44B-4951-B515-A7EFD4E495BC}.Release|x64.Build.0 = Release|Any CPU
		{FD8EB6F9-C44B-4951-B515-A7EFD4E495BC}.Release|x86.ActiveCfg = Release|Any CPU
		{FD8EB6F9-C44B-4951-B515-A7EFD4E495BC}.Release|x86.Build.0 = Release|Any CPU
		{9A1E052F-1E54-4B18-AF93-E296B9CF9C09}.Debug|Any CPU.ActiveCfg = Debug|Any CPU
		{9A1E052F-1E54-4B18-AF93-E296B9CF9C09}.Debug|Any CPU.Build.0 = Debug|Any CPU
		{9A1E052F-1E54-4B18-AF93-E296B9CF9C09}.Debug|x64.ActiveCfg = Debug|Any CPU
		{9A1E052F-1E54-4B18-AF93-E296B9CF9C09}.Debug|x64.Build.0 = Debug|Any CPU
		{9A1E052F-1E54-4B18-AF93-E296B9CF9C09}.Debug|x86.ActiveCfg = Debug|Any CPU
		{9A1E052F-1E54-4B18-AF93-E296B9CF9C09}.Debug|x86.Build.0 = Debug|Any CPU
		{9A1E052F-1E54-4B18-AF93-E296B9CF9C09}.Release|Any CPU.ActiveCfg = Release|Any CPU
		{9A1E052F-1E54-4B18-AF93-E296B9CF9C09}.Release|Any CPU.Build.0 = Release|Any CPU
		{9A1E052F-1E54-4B18-AF93-E296B9CF9C09}.Release|x64.ActiveCfg = Release|Any CPU
		{9A1E052F-1E54-4B18-AF93-E296B9CF9C09}.Release|x64.Build.0 = Release|Any CPU
		{9A1E052F-1E54-4B18-AF93-E296B9CF9C09}.Release|x86.ActiveCfg = Release|Any CPU
		{9A1E052F-1E54-4B18-AF93-E296B9CF9C09}.Release|x86.Build.0 = Release|Any CPU
	EndGlobalSection
	GlobalSection(SolutionProperties) = preSolution
		HideSolutionNode = FALSE
	EndGlobalSection
	GlobalSection(ExtensibilityGlobals) = postSolution
		SolutionGuid = {86EC9F4A-99FD-4A87-B144-AB2B1EDC05FD}
	EndGlobalSection
EndGlobal
